
Microsoft Visual Studio Solution File, Format Version 12.00
# Visual Studio Version 17
VisualStudioVersion = 17.3.32519.111
MinimumVisualStudioVersion = 10.0.40219.1
Project("{FAE04EC0-301F-11D3-BF4B-00C04F79EFBC}") = "ExportToRoll20", "ExportToRoll20\ExportToRoll20.csproj", "{39B43A45-F031-40EB-9FFE-96033FD28DF5}"
EndProject
Global
	GlobalSection(SolutionConfigurationPlatforms) = preSolution
		Debug|Any CPU = Debug|Any CPU
		Release|Any CPU = Release|Any CPU
	EndGlobalSection
	GlobalSection(ProjectConfigurationPlatforms) = postSolution
		{39B43A45-F031-40EB-9FFE-96033FD28DF5}.Debug|Any CPU.ActiveCfg = Debug|Any CPU
		{39B43A45-F031-40EB-9FFE-96033FD28DF5}.Debug|Any CPU.Build.0 = Debug|Any CPU
		{39B43A45-F031-40EB-9FFE-96033FD28DF5}.Release|Any CPU.ActiveCfg = Release|Any CPU
		{39B43A45-F031-40EB-9FFE-96033FD28DF5}.Release|Any CPU.Build.0 = Release|Any CPU
	EndGlobalSection
	GlobalSection(SolutionProperties) = preSolution
		HideSolutionNode = FALSE
	EndGlobalSection
	GlobalSection(ExtensibilityGlobals) = postSolution
		SolutionGuid = {6330C8F6-023D-49DA-A9B6-0D8CF7ED65EA}
	EndGlobalSection
EndGlobal
